
Microsoft Visual Studio Solution File, Format Version 12.00
# Visual Studio Version 17
VisualStudioVersion = 17.4.33213.308
MinimumVisualStudioVersion = 10.0.40219.1
Project("{FAE04EC0-301F-11D3-BF4B-00C04F79EFBC}") = "TestNSwagFunction", "TestNSwagFunction.csproj", "{B4CA951C-B6BD-468E-993B-80E70DBC03DD}"
EndProject
Global
	GlobalSection(SolutionConfigurationPlatforms) = preSolution
		Debug|Any CPU = Debug|Any CPU
		Release|Any CPU = Release|Any CPU
	EndGlobalSection
	GlobalSection(ProjectConfigurationPlatforms) = postSolution
		{B4CA951C-B6BD-468E-993B-80E70DBC03DD}.Debug|Any CPU.ActiveCfg = Debug|Any CPU
		{B4CA951C-B6BD-468E-993B-80E70DBC03DD}.Debug|Any CPU.Build.0 = Debug|Any CPU
		{B4CA951C-B6BD-468E-993B-80E70DBC03DD}.Release|Any CPU.ActiveCfg = Release|Any CPU
		{B4CA951C-B6BD-468E-993B-80E70DBC03DD}.Release|Any CPU.Build.0 = Release|Any CPU
	EndGlobalSection
	GlobalSection(SolutionProperties) = preSolution
		HideSolutionNode = FALSE
	EndGlobalSection
	GlobalSection(ExtensibilityGlobals) = postSolution
		SolutionGuid = {599C3CD4-0CE3-49C6-9952-09D4169030C4}
	EndGlobalSection
EndGlobal
